
Microsoft Visual Studio Solution File, Format Version 12.00
# Visual Studio Version 16
VisualStudioVersion = 16.0.30128.74
MinimumVisualStudioVersion = 10.0.40219.1
Project("{9A19103F-16F7-4668-BE54-9A1E7A4F7556}") = "KleinSharp", "KleinSharp\KleinSharp.csproj", "{1444BE9A-C142-488A-8FE5-B71C95FA159A}"
EndProject
Project("{9A19103F-16F7-4668-BE54-9A1E7A4F7556}") = "KleinSharp.Tests", "KleinSharp.Tests\KleinSharp.Tests.csproj", "{60FCB22C-9594-4057-A028-D5A7FE054753}"
EndProject
Project("{9A19103F-16F7-4668-BE54-9A1E7A4F7556}") = "KleinSharp.Perf", "KleinSharp.Perf\KleinSharp.Perf.csproj", "{6BDC8CCF-FC63-4C86-8848-0879C79E8FDA}"
EndProject
Project("{FAE04EC0-301F-11D3-BF4B-00C04F79EFBC}") = "KleinSharp.ConstSwizzleTool", "KleinSharp.ConstSwizzleTool\KleinSharp.ConstSwizzleTool.csproj", "{12A4D643-F5D1-4C96-A435-68D30C9253C9}"
EndProject
Global
	GlobalSection(SolutionConfigurationPlatforms) = preSolution
		Debug|Any CPU = Debug|Any CPU
		Release|Any CPU = Release|Any CPU
	EndGlobalSection
	GlobalSection(ProjectConfigurationPlatforms) = postSolution
		{1444BE9A-C142-488A-8FE5-B71C95FA159A}.Debug|Any CPU.ActiveCfg = Debug|Any CPU
		{1444BE9A-C142-488A-8FE5-B71C95FA159A}.Debug|Any CPU.Build.0 = Debug|Any CPU
		{1444BE9A-C142-488A-8FE5-B71C95FA159A}.Release|Any CPU.ActiveCfg = Release|Any CPU
		{1444BE9A-C142-488A-8FE5-B71C95FA159A}.Release|Any CPU.Build.0 = Release|Any CPU
		{60FCB22C-9594-4057-A028-D5A7FE054753}.Debug|Any CPU.ActiveCfg = Debug|Any CPU
		{60FCB22C-9594-4057-A028-D5A7FE054753}.Debug|Any CPU.Build.0 = Debug|Any CPU
		{60FCB22C-9594-4057-A028-D5A7FE054753}.Release|Any CPU.ActiveCfg = Release|Any CPU
		{60FCB22C-9594-4057-A028-D5A7FE054753}.Release|Any CPU.Build.0 = Release|Any CPU
		{6BDC8CCF-FC63-4C86-8848-0879C79E8FDA}.Debug|Any CPU.ActiveCfg = Debug|Any CPU
		{6BDC8CCF-FC63-4C86-8848-0879C79E8FDA}.Debug|Any CPU.Build.0 = Debug|Any CPU
		{6BDC8CCF-FC63-4C86-8848-0879C79E8FDA}.Release|Any CPU.ActiveCfg = Release|Any CPU
		{6BDC8CCF-FC63-4C86-8848-0879C79E8FDA}.Release|Any CPU.Build.0 = Release|Any CPU
		{12A4D643-F5D1-4C96-A435-68D30C9253C9}.Debug|Any CPU.ActiveCfg = Debug|Any CPU
		{12A4D643-F5D1-4C96-A435-68D30C9253C9}.Debug|Any CPU.Build.0 = Debug|Any CPU
		{12A4D643-F5D1-4C96-A435-68D30C9253C9}.Release|Any CPU.ActiveCfg = Release|Any CPU
		{12A4D643-F5D1-4C96-A435-68D30C9253C9}.Release|Any CPU.Build.0 = Release|Any CPU
	EndGlobalSection
	GlobalSection(SolutionProperties) = preSolution
		HideSolutionNode = FALSE
	EndGlobalSection
	GlobalSection(ExtensibilityGlobals) = postSolution
		SolutionGuid = {B5CA64CE-EA24-4D59-9FBC-9A9D265D1BC9}
	EndGlobalSection
EndGlobal
